<?xml version="1.0" encoding="UTF-8" standalone="yes" ?>
<CodeBlocks_project_file>
	<FileVersion major="1" minor="6" />
	<Project>
		<Option title="projettowerdefend" />
		<Option pch_mode="2" />
		<Option compiler="gcc" />
		<Build>
			<Target title="Debug">
				<Option output="bin/Debug/projettowerdefend" prefix_auto="1" extension_auto="1" />
				<Option object_output="obj/Debug/" />
				<Option type="1" />
				<Option compiler="gcc" />
				<Compiler>
					<Add option="-pedantic" />
					<Add option="-Wall" />
					<Add option="-g" />
				</Compiler>
				<Linker>
					<Add library="libmingw32" />
					<Add library="libSDL2main" />
					<Add library="libSDL2" />
				</Linker>
			</Target>
			<Target title="Release">
				<Option output="bin/Release/projettowerdefend" prefix_auto="1" extension_auto="1" />
				<Option object_output="obj/Release/" />
				<Option type="1" />
				<Option compiler="gcc" />
				<Compiler>
					<Add option="-O2" />
				</Compiler>
				<Linker>
					<Add option="-s" />
					<Add library="libmingw32" />
					<Add library="libSDL2main" />
					<Add library="libSDL2" />
				</Linker>
			</Target>
		</Build>
		<Compiler>
			<Add option="-pedantic" />
			<Add option="-Wall" />
			<Add option="-std=c99" />
			<Add directory="SDL2/x86_64-w64-mingw32/include/SDL2" />
		</Compiler>
		<Linker>
			<Add library="libmingw32" />
			<Add library="libSDL2main" />
			<Add library="libSDL2" />
			<Add directory="SDL2/x86_64-w64-mingw32/lib" />
		</Linker>
		<Unit filename="SDL2/x86_64-w64-mingw32/include/SDL2/SDL.h" />
		<Unit filename="SDL2/x86_64-w64-mingw32/include/SDL2/SDL_assert.h" />
		<Unit filename="SDL2/x86_64-w64-mingw32/include/SDL2/SDL_atomic.h" />
		<Unit filename="SDL2/x86_64-w64-mingw32/include/SDL2/SDL_audio.h" />
		<Unit filename="SDL2/x86_64-w64-mingw32/include/SDL2/SDL_bits.h" />
		<Unit filename="SDL2/x86_64-w64-mingw32/include/SDL2/SDL_blendmode.h" />
		<Unit filename="SDL2/x86_64-w64-mingw32/include/SDL2/SDL_clipboard.h" />
		<Unit filename="SDL2/x86_64-w64-mingw32/include/SDL2/SDL_config.h" />
		<Unit filename="SDL2/x86_64-w64-mingw32/include/SDL2/SDL_cpuinfo.h" />
		<Unit filename="SDL2/x86_64-w64-mingw32/include/SDL2/SDL_egl.h" />
		<Unit filename="SDL2/x86_64-w64-mingw32/include/SDL2/SDL_endian.h" />
		<Unit filename="SDL2/x86_64-w64-mingw32/include/SDL2/SDL_error.h" />
		<Unit filename="SDL2/x86_64-w64-mingw32/include/SDL2/SDL_events.h" />
		<Unit filename="SDL2/x86_64-w64-mingw32/include/SDL2/SDL_filesystem.h" />
		<Unit filename="SDL2/x86_64-w64-mingw32/include/SDL2/SDL_gamecontroller.h" />
		<Unit filename="SDL2/x86_64-w64-mingw32/include/SDL2/SDL_gesture.h" />
		<Unit filename="SDL2/x86_64-w64-mingw32/include/SDL2/SDL_haptic.h" />
		<Unit filename="SDL2/x86_64-w64-mingw32/include/SDL2/SDL_hidapi.h" />
		<Unit filename="SDL2/x86_64-w64-mingw32/include/SDL2/SDL_hints.h" />
		<Unit filename="SDL2/x86_64-w64-mingw32/include/SDL2/SDL_joystick.h" />
		<Unit filename="SDL2/x86_64-w64-mingw32/include/SDL2/SDL_keyboard.h" />
		<Unit filename="SDL2/x86_64-w64-mingw32/include/SDL2/SDL_keycode.h" />
		<Unit filename="SDL2/x86_64-w64-mingw32/include/SDL2/SDL_loadso.h" />
		<Unit filename="SDL2/x86_64-w64-mingw32/include/SDL2/SDL_locale.h" />
		<Unit filename="SDL2/x86_64-w64-mingw32/include/SDL2/SDL_log.h" />
		<Unit filename="SDL2/x86_64-w64-mingw32/include/SDL2/SDL_main.h" />
		<Unit filename="SDL2/x86_64-w64-mingw32/include/SDL2/SDL_messagebox.h" />
		<Unit filename="SDL2/x86_64-w64-mingw32/include/SDL2/SDL_metal.h" />
		<Unit filename="SDL2/x86_64-w64-mingw32/include/SDL2/SDL_misc.h" />
		<Unit filename="SDL2/x86_64-w64-mingw32/include/SDL2/SDL_mouse.h" />
		<Unit filename="SDL2/x86_64-w64-mingw32/include/SDL2/SDL_mutex.h" />
		<Unit filename="SDL2/x86_64-w64-mingw32/include/SDL2/SDL_name.h" />
		<Unit filename="SDL2/x86_64-w64-mingw32/include/SDL2/SDL_opengl.h" />
		<Unit filename="SDL2/x86_64-w64-mingw32/include/SDL2/SDL_opengl_glext.h" />
		<Unit filename="SDL2/x86_64-w64-mingw32/include/SDL2/SDL_opengles.h" />
		<Unit filename="SDL2/x86_64-w64-mingw32/include/SDL2/SDL_opengles2.h" />
		<Unit filename="SDL2/x86_64-w64-mingw32/include/SDL2/SDL_opengles2_gl2.h" />
		<Unit filename="SDL2/x86_64-w64-mingw32/include/SDL2/SDL_opengles2_gl2ext.h" />
		<Unit filename="SDL2/x86_64-w64-mingw32/include/SDL2/SDL_opengles2_gl2platform.h" />
		<Unit filename="SDL2/x86_64-w64-mingw32/include/SDL2/SDL_opengles2_khrplatform.h" />
		<Unit filename="SDL2/x86_64-w64-mingw32/include/SDL2/SDL_pixels.h" />
		<Unit filename="SDL2/x86_64-w64-mingw32/include/SDL2/SDL_platform.h" />
		<Unit filename="SDL2/x86_64-w64-mingw32/include/SDL2/SDL_power.h" />
		<Unit filename="SDL2/x86_64-w64-mingw32/include/SDL2/SDL_quit.h" />
		<Unit filename="SDL2/x86_64-w64-mingw32/include/SDL2/SDL_rect.h" />
		<Unit filename="SDL2/x86_64-w64-mingw32/include/SDL2/SDL_render.h" />
		<Unit filename="SDL2/x86_64-w64-mingw32/include/SDL2/SDL_revision.h" />
		<Unit filename="SDL2/x86_64-w64-mingw32/include/SDL2/SDL_rwops.h" />
		<Unit filename="SDL2/x86_64-w64-mingw32/include/SDL2/SDL_scancode.h" />
		<Unit filename="SDL2/x86_64-w64-mingw32/include/SDL2/SDL_sensor.h" />
		<Unit filename="SDL2/x86_64-w64-mingw32/include/SDL2/SDL_shape.h" />
		<Unit filename="SDL2/x86_64-w64-mingw32/include/SDL2/SDL_stdinc.h" />
		<Unit filename="SDL2/x86_64-w64-mingw32/include/SDL2/SDL_surface.h" />
		<Unit filename="SDL2/x86_64-w64-mingw32/include/SDL2/SDL_system.h" />
		<Unit filename="SDL2/x86_64-w64-mingw32/include/SDL2/SDL_syswm.h" />
		<Unit filename="SDL2/x86_64-w64-mingw32/include/SDL2/SDL_test.h" />
		<Unit filename="SDL2/x86_64-w64-mingw32/include/SDL2/SDL_test_assert.h" />
		<Unit filename="SDL2/x86_64-w64-mingw32/include/SDL2/SDL_test_common.h" />
		<Unit filename="SDL2/x86_64-w64-mingw32/include/SDL2/SDL_test_compare.h" />
		<Unit filename="SDL2/x86_64-w64-mingw32/include/SDL2/SDL_test_crc32.h" />
		<Unit filename="SDL2/x86_64-w64-mingw32/include/SDL2/SDL_test_font.h" />
		<Unit filename="SDL2/x86_64-w64-mingw32/include/SDL2/SDL_test_fuzzer.h" />
		<Unit filename="SDL2/x86_64-w64-mingw32/include/SDL2/SDL_test_harness.h" />
		<Unit filename="SDL2/x86_64-w64-mingw32/include/SDL2/SDL_test_images.h" />
		<Unit filename="SDL2/x86_64-w64-mingw32/include/SDL2/SDL_test_log.h" />
		<Unit filename="SDL2/x86_64-w64-mingw32/include/SDL2/SDL_test_md5.h" />
		<Unit filename="SDL2/x86_64-w64-mingw32/include/SDL2/SDL_test_memory.h" />
		<Unit filename="SDL2/x86_64-w64-mingw32/include/SDL2/SDL_test_random.h" />
		<Unit filename="SDL2/x86_64-w64-mingw32/include/SDL2/SDL_thread.h" />
		<Unit filename="SDL2/x86_64-w64-mingw32/include/SDL2/SDL_timer.h" />
		<Unit filename="SDL2/x86_64-w64-mingw32/include/SDL2/SDL_touch.h" />
		<Unit filename="SDL2/x86_64-w64-mingw32/include/SDL2/SDL_types.h" />
		<Unit filename="SDL2/x86_64-w64-mingw32/include/SDL2/SDL_version.h" />
		<Unit filename="SDL2/x86_64-w64-mingw32/include/SDL2/SDL_video.h" />
		<Unit filename="SDL2/x86_64-w64-mingw32/include/SDL2/SDL_vulkan.h" />
		<Unit filename="SDL2/x86_64-w64-mingw32/include/SDL2/begin_code.h" />
		<Unit filename="SDL2/x86_64-w64-mingw32/include/SDL2/close_code.h" />
		<Unit filename="listeChainee.c">
			<Option compilerVar="CC" />
		</Unit>
		<Unit filename="listeChainee.h" />
		<Unit filename="maSDL.c">
			<Option compilerVar="CC" />
		</Unit>
		<Unit filename="maSDL.h" />
		<Unit filename="main.c">
			<Option compilerVar="CC" />
		</Unit>
		<Unit filename="towerdefend.c">
			<Option compilerVar="CC" />
		</Unit>
		<Unit filename="towerdefend.h">
			<Option target="&lt;{~None~}&gt;" />
		</Unit>
		<Extensions />
	</Project>
</CodeBlocks_project_file>
